
Microsoft Visual Studio Solution File, Format Version 12.00
# Visual Studio Version 16
VisualStudioVersion = 16.0.31424.327
MinimumVisualStudioVersion = 10.0.40219.1
Project("{9A19103F-16F7-4668-BE54-9A1E7A4F7556}") = "SuperShop.Web", "SuperShop.Web\SuperShop.Web.csproj", "{0AEBE920-C112-4859-A53F-E0AF5DDFCFEC}"
EndProject
Project("{9A19103F-16F7-4668-BE54-9A1E7A4F7556}") = "SuperShop.Data", "SuperShop.Data\SuperShop.Data.csproj", "{AFF38C2C-E9DA-4B42-8241-1A7C9E6576A4}"
EndProject
Project("{9A19103F-16F7-4668-BE54-9A1E7A4F7556}") = "SuperShop.ViewModels", "SuperShop.ViewModels\SuperShop.ViewModels.csproj", "{9E8E0940-336E-4650-8AAA-D30B6AB75032}"
EndProject
Project("{9A19103F-16F7-4668-BE54-9A1E7A4F7556}") = "SuperShop.Application", "SuperShop.Application\SuperShop.Application.csproj", "{594ED3F7-337E-4061-AF51-61DF334AB1F2}"
EndProject
Project("{9A19103F-16F7-4668-BE54-9A1E7A4F7556}") = "SuperShop.BackendApi", "SuperShop.BackendApi\SuperShop.BackendApi.csproj", "{EA582061-3E7C-4AB8-9ABF-6602504A904A}"
EndProject
Project("{9A19103F-16F7-4668-BE54-9A1E7A4F7556}") = "SuperShop.Utilities", "SuperShop.Utilities\SuperShop.Utilities.csproj", "{7971B1FB-7C08-4202-895F-AE6D217D0616}"
EndProject
Project("{FAE04EC0-301F-11D3-BF4B-00C04F79EFBC}") = "SuperShop.Page", "SuperShop.Page\SuperShop.Page.csproj", "{AF0BD172-36D8-459A-BDB9-230EB65958E0}"
EndProject
Global
	GlobalSection(SolutionConfigurationPlatforms) = preSolution
		Debug|Any CPU = Debug|Any CPU
		Release|Any CPU = Release|Any CPU
	EndGlobalSection
	GlobalSection(ProjectConfigurationPlatforms) = postSolution
		{0AEBE920-C112-4859-A53F-E0AF5DDFCFEC}.Debug|Any CPU.ActiveCfg = Debug|Any CPU
		{0AEBE920-C112-4859-A53F-E0AF5DDFCFEC}.Debug|Any CPU.Build.0 = Debug|Any CPU
		{0AEBE920-C112-4859-A53F-E0AF5DDFCFEC}.Release|Any CPU.ActiveCfg = Release|Any CPU
		{0AEBE920-C112-4859-A53F-E0AF5DDFCFEC}.Release|Any CPU.Build.0 = Release|Any CPU
		{AFF38C2C-E9DA-4B42-8241-1A7C9E6576A4}.Debug|Any CPU.ActiveCfg = Debug|Any CPU
		{AFF38C2C-E9DA-4B42-8241-1A7C9E6576A4}.Debug|Any CPU.Build.0 = Debug|Any CPU
		{AFF38C2C-E9DA-4B42-8241-1A7C9E6576A4}.Release|Any CPU.ActiveCfg = Release|Any CPU
		{AFF38C2C-E9DA-4B42-8241-1A7C9E6576A4}.Release|Any CPU.Build.0 = Release|Any CPU
		{9E8E0940-336E-4650-8AAA-D30B6AB75032}.Debug|Any CPU.ActiveCfg = Debug|Any CPU
		{9E8E0940-336E-4650-8AAA-D30B6AB75032}.Debug|Any CPU.Build.0 = Debug|Any CPU
		{9E8E0940-336E-4650-8AAA-D30B6AB75032}.Release|Any CPU.ActiveCfg = Release|Any CPU
		{9E8E0940-336E-4650-8AAA-D30B6AB75032}.Release|Any CPU.Build.0 = Release|Any CPU
		{594ED3F7-337E-4061-AF51-61DF334AB1F2}.Debug|Any CPU.ActiveCfg = Debug|Any CPU
		{594ED3F7-337E-4061-AF51-61DF334AB1F2}.Debug|Any CPU.Build.0 = Debug|Any CPU
		{594ED3F7-337E-4061-AF51-61DF334AB1F2}.Release|Any CPU.ActiveCfg = Release|Any CPU
		{594ED3F7-337E-4061-AF51-61DF334AB1F2}.Release|Any CPU.Build.0 = Release|Any CPU
		{EA582061-3E7C-4AB8-9ABF-6602504A904A}.Debug|Any CPU.ActiveCfg = Debug|Any CPU
		{EA582061-3E7C-4AB8-9ABF-6602504A904A}.Debug|Any CPU.Build.0 = Debug|Any CPU
		{EA582061-3E7C-4AB8-9ABF-6602504A904A}.Release|Any CPU.ActiveCfg = Release|Any CPU
		{EA582061-3E7C-4AB8-9ABF-6602504A904A}.Release|Any CPU.Build.0 = Release|Any CPU
		{7971B1FB-7C08-4202-895F-AE6D217D0616}.Debug|Any CPU.ActiveCfg = Debug|Any CPU
		{7971B1FB-7C08-4202-895F-AE6D217D0616}.Debug|Any CPU.Build.0 = Debug|Any CPU
		{7971B1FB-7C08-4202-895F-AE6D217D0616}.Release|Any CPU.ActiveCfg = Release|Any CPU
		{7971B1FB-7C08-4202-895F-AE6D217D0616}.Release|Any CPU.Build.0 = Release|Any CPU
		{AF0BD172-36D8-459A-BDB9-230EB65958E0}.Debug|Any CPU.ActiveCfg = Debug|Any CPU
		{AF0BD172-36D8-459A-BDB9-230EB65958E0}.Debug|Any CPU.Build.0 = Debug|Any CPU
		{AF0BD172-36D8-459A-BDB9-230EB65958E0}.Release|Any CPU.ActiveCfg = Release|Any CPU
		{AF0BD172-36D8-459A-BDB9-230EB65958E0}.Release|Any CPU.Build.0 = Release|Any CPU
	EndGlobalSection
	GlobalSection(SolutionProperties) = preSolution
		HideSolutionNode = FALSE
	EndGlobalSection
	GlobalSection(ExtensibilityGlobals) = postSolution
		SolutionGuid = {51C0A97B-B688-4100-A017-05CF498F4E12}
	EndGlobalSection
EndGlobal
