
Microsoft Visual Studio Solution File, Format Version 12.00
# Visual Studio Version 16
VisualStudioVersion = 16.0.31424.327
MinimumVisualStudioVersion = 10.0.40219.1
Project("{FAE04EC0-301F-11D3-BF4B-00C04F79EFBC}") = "SuperShop.Web", "SuperShop.Web\SuperShop.Web.csproj", "{0AEBE920-C112-4859-A53F-E0AF5DDFCFEC}"
EndProject
Project("{FAE04EC0-301F-11D3-BF4B-00C04F79EFBC}") = "SuperShop.Data", "SuperShop.Data\SuperShop.Data.csproj", "{AFF38C2C-E9DA-4B42-8241-1A7C9E6576A4}"
EndProject
Global
	GlobalSection(SolutionConfigurationPlatforms) = preSolution
		Debug|Any CPU = Debug|Any CPU
		Release|Any CPU = Release|Any CPU
	EndGlobalSection
	GlobalSection(ProjectConfigurationPlatforms) = postSolution
		{0AEBE920-C112-4859-A53F-E0AF5DDFCFEC}.Debug|Any CPU.ActiveCfg = Debug|Any CPU
		{0AEBE920-C112-4859-A53F-E0AF5DDFCFEC}.Debug|Any CPU.Build.0 = Debug|Any CPU
		{0AEBE920-C112-4859-A53F-E0AF5DDFCFEC}.Release|Any CPU.ActiveCfg = Release|Any CPU
		{0AEBE920-C112-4859-A53F-E0AF5DDFCFEC}.Release|Any CPU.Build.0 = Release|Any CPU
		{AFF38C2C-E9DA-4B42-8241-1A7C9E6576A4}.Debug|Any CPU.ActiveCfg = Debug|Any CPU
		{AFF38C2C-E9DA-4B42-8241-1A7C9E6576A4}.Debug|Any CPU.Build.0 = Debug|Any CPU
		{AFF38C2C-E9DA-4B42-8241-1A7C9E6576A4}.Release|Any CPU.ActiveCfg = Release|Any CPU
		{AFF38C2C-E9DA-4B42-8241-1A7C9E6576A4}.Release|Any CPU.Build.0 = Release|Any CPU
	EndGlobalSection
	GlobalSection(SolutionProperties) = preSolution
		HideSolutionNode = FALSE
	EndGlobalSection
	GlobalSection(ExtensibilityGlobals) = postSolution
		SolutionGuid = {51C0A97B-B688-4100-A017-05CF498F4E12}
	EndGlobalSection
EndGlobal
